{
  "nodes": {
    "nixCats": {
      "locked": {
        "lastModified": 1756502529,
        "narHash": "sha256-IPhN1a/DecHCJKugq51TnPqcMkwHU7qrQXagR2k1KwA=",
        "owner": "BirdeeHub",
        "repo": "nixCats-nvim",
        "rev": "b262211fc80bf5909f9b6642a7930fee907e3e8d",
        "type": "github"
      },
      "original": {
        "owner": "BirdeeHub",
        "repo": "nixCats-nvim",
        "type": "github"
      }
    },
    "nixpkgs": {
      "locked": {
        "lastModified": 1758690382,
        "narHash": "sha256-NY3kSorgqE5LMm1LqNwGne3ZLMF2/ILgLpFr1fS4X3o=",
        "owner": "nixos",
        "repo": "nixpkgs",
        "rev": "e643668fd71b949c53f8626614b21ff71a07379d",
        "type": "github"
      },
      "original": {
        "owner": "nixos",
        "repo": "nixpkgs",
        "rev": "e643668fd71b949c53f8626614b21ff71a07379d",
        "type": "github"
      }
    },
    "plugins-nord": {
      "flake": false,
      "locked": {
        "lastModified": 1671661589,
        "narHash": "sha256-cFnQZ9iOQnYNcSFY2WnqcTI3buOrGQYQ3T7SCcH5YW0=",
        "owner": "antotocar34",
        "repo": "nord.nvim",
        "rev": "50f637c276e05e25b1dcfc7cd112b505ded466fe",
        "type": "github"
      },
      "original": {
        "owner": "antotocar34",
        "repo": "nord.nvim",
        "type": "github"
      }
    },
    "root": {
      "inputs": {
        "nixCats": "nixCats",
        "nixpkgs": "nixpkgs",
        "plugins-nord": "plugins-nord"
      }
    }
  },
  "root": "root",
  "version": 7
}
