{
  "nodes": {
    "nixCats": {
      "locked": {
        "lastModified": 1756502529,
        "narHash": "sha256-IPhN1a/DecHCJKugq51TnPqcMkwHU7qrQXagR2k1KwA=",
        "owner": "BirdeeHub",
        "repo": "nixCats-nvim",
        "rev": "b262211fc80bf5909f9b6642a7930fee907e3e8d",
        "type": "github"
      },
      "original": {
        "owner": "BirdeeHub",
        "repo": "nixCats-nvim",
        "type": "github"
      }
    },
    "nixpkgs": {
      "locked": {
        "lastModified": 1758690382,
        "narHash": "sha256-NY3kSorgqE5LMm1LqNwGne3ZLMF2/ILgLpFr1fS4X3o=",
        "owner": "nixos",
        "repo": "nixpkgs",
        "rev": "e643668fd71b949c53f8626614b21ff71a07379d",
        "type": "github"
      },
      "original": {
        "owner": "nixos",
        "repo": "nixpkgs",
        "rev": "e643668fd71b949c53f8626614b21ff71a07379d",
        "type": "github"
      }
    },
    "plugins-bqls": {
      "flake": false,
      "locked": {
        "lastModified": 1760018751,
        "narHash": "sha256-mx3Bigt9pauhzE90/45yI/6otfVPvUY0HmtVy+fWLR4=",
        "owner": "kitagry",
        "repo": "bqls.nvim",
        "rev": "350eef1a2a7fffd7d12538d7537c1574ae993f4b",
        "type": "github"
      },
      "original": {
        "owner": "kitagry",
        "repo": "bqls.nvim",
        "type": "github"
      }
    },
    "plugins-nord": {
      "flake": false,
      "locked": {
        "lastModified": 1761785745,
        "narHash": "sha256-G5HwkhlkCOoN+JrK34UuWk3/E9VASics8s9ZyVd81Ag=",
        "owner": "antotocar34",
        "repo": "nord.nvim",
        "rev": "85fd873abbfbd9e7e9852a6418f81840491331de",
        "type": "github"
      },
      "original": {
        "owner": "antotocar34",
        "repo": "nord.nvim",
        "type": "github"
      }
    },
    "plugins-snacks": {
      "flake": false,
      "locked": {
        "lastModified": 1761778900,
        "narHash": "sha256-r1MgEaRW4YF2GQUeqx+uMlfTL5+CQAQiBMJXq82AEXk=",
        "owner": "folke",
        "repo": "snacks.nvim",
        "rev": "ba529d4f5d409639e082aff916c9b8e71b480531",
        "type": "github"
      },
      "original": {
        "owner": "folke",
        "repo": "snacks.nvim",
        "type": "github"
      }
    },
    "root": {
      "inputs": {
        "nixCats": "nixCats",
        "nixpkgs": "nixpkgs",
        "plugins-bqls": "plugins-bqls",
        "plugins-nord": "plugins-nord",
        "plugins-snacks": "plugins-snacks"
      }
    }
  },
  "root": "root",
  "version": 7
}
